
Microsoft Visual Studio Solution File, Format Version 12.00
# Visual Studio Version 17
VisualStudioVersion = 17.5.002.0
MinimumVisualStudioVersion = 10.0.40219.1
Project("{9A19103F-16F7-4668-BE54-9A1E7A4F7556}") = "HelloConsole", "HelloConsole\HelloConsole.csproj", "{2B67A7A7-34C6-4BB4-946B-296A25C35789}"
EndProject
Project("{9A19103F-16F7-4668-BE54-9A1E7A4F7556}") = "HelloUser", "HelloUser\HelloUser.csproj", "{44AE70C6-D493-4D13-9759-488964BA0D50}"
EndProject
Global
	GlobalSection(SolutionConfigurationPlatforms) = preSolution
		Debug|Any CPU = Debug|Any CPU
		Release|Any CPU = Release|Any CPU
	EndGlobalSection
	GlobalSection(ProjectConfigurationPlatforms) = postSolution
		{2B67A7A7-34C6-4BB4-946B-296A25C35789}.Debug|Any CPU.ActiveCfg = Debug|Any CPU
		{2B67A7A7-34C6-4BB4-946B-296A25C35789}.Debug|Any CPU.Build.0 = Debug|Any CPU
		{2B67A7A7-34C6-4BB4-946B-296A25C35789}.Release|Any CPU.ActiveCfg = Release|Any CPU
		{2B67A7A7-34C6-4BB4-946B-296A25C35789}.Release|Any CPU.Build.0 = Release|Any CPU
		{44AE70C6-D493-4D13-9759-488964BA0D50}.Debug|Any CPU.ActiveCfg = Debug|Any CPU
		{44AE70C6-D493-4D13-9759-488964BA0D50}.Debug|Any CPU.Build.0 = Debug|Any CPU
		{44AE70C6-D493-4D13-9759-488964BA0D50}.Release|Any CPU.ActiveCfg = Release|Any CPU
		{44AE70C6-D493-4D13-9759-488964BA0D50}.Release|Any CPU.Build.0 = Release|Any CPU
	EndGlobalSection
	GlobalSection(SolutionProperties) = preSolution
		HideSolutionNode = FALSE
	EndGlobalSection
	GlobalSection(ExtensibilityGlobals) = postSolution
		SolutionGuid = {95C1F2D2-2E1E-4221-A714-20C03669E71B}
	EndGlobalSection
EndGlobal
